
Microsoft Visual Studio Solution File, Format Version 12.00
# Visual Studio 2012
Project("{8BC9CEB8-8B4A-11D0-8D11-00A0C91BC942}") = "oslab5", "oslab5\oslab5.vcxproj", "{D348AF6E-6172-4F83-94A8-BA54B793CC36}"
EndProject
Project("{8BC9CEB8-8B4A-11D0-8D11-00A0C91BC942}") = "DLL", "DLL\DLL.vcxproj", "{9A30845E-E964-47D8-A8D9-4BD649AA2D82}"
EndProject
Project("{8BC9CEB8-8B4A-11D0-8D11-00A0C91BC942}") = "dlluser", "dlluser\dlluser.vcxproj", "{19273385-1673-47A4-A5BE-B5CE55B7111F}"
	ProjectSection(ProjectDependencies) = postProject
		{9A30845E-E964-47D8-A8D9-4BD649AA2D82} = {9A30845E-E964-47D8-A8D9-4BD649AA2D82}
	EndProjectSection
EndProject
Global
	GlobalSection(SolutionConfigurationPlatforms) = preSolution
		Debug|Win32 = Debug|Win32
		Release|Win32 = Release|Win32
	EndGlobalSection
	GlobalSection(ProjectConfigurationPlatforms) = postSolution
		{D348AF6E-6172-4F83-94A8-BA54B793CC36}.Debug|Win32.ActiveCfg = Debug|Win32
		{D348AF6E-6172-4F83-94A8-BA54B793CC36}.Debug|Win32.Build.0 = Debug|Win32
		{D348AF6E-6172-4F83-94A8-BA54B793CC36}.Release|Win32.ActiveCfg = Release|Win32
		{D348AF6E-6172-4F83-94A8-BA54B793CC36}.Release|Win32.Build.0 = Release|Win32
		{9A30845E-E964-47D8-A8D9-4BD649AA2D82}.Debug|Win32.ActiveCfg = Debug|Win32
		{9A30845E-E964-47D8-A8D9-4BD649AA2D82}.Debug|Win32.Build.0 = Debug|Win32
		{9A30845E-E964-47D8-A8D9-4BD649AA2D82}.Release|Win32.ActiveCfg = Release|Win32
		{9A30845E-E964-47D8-A8D9-4BD649AA2D82}.Release|Win32.Build.0 = Release|Win32
		{19273385-1673-47A4-A5BE-B5CE55B7111F}.Debug|Win32.ActiveCfg = Debug|Win32
		{19273385-1673-47A4-A5BE-B5CE55B7111F}.Debug|Win32.Build.0 = Debug|Win32
		{19273385-1673-47A4-A5BE-B5CE55B7111F}.Release|Win32.ActiveCfg = Release|Win32
		{19273385-1673-47A4-A5BE-B5CE55B7111F}.Release|Win32.Build.0 = Release|Win32
	EndGlobalSection
	GlobalSection(SolutionProperties) = preSolution
		HideSolutionNode = FALSE
	EndGlobalSection
EndGlobal
